
Microsoft Visual Studio Solution File, Format Version 12.00
# Visual Studio Version 16
VisualStudioVersion = 16.0.30503.244
MinimumVisualStudioVersion = 10.0.40219.1
Project("{FAE04EC0-301F-11D3-BF4B-00C04F79EFBC}") = "MediatorOrDependencyInjectionIssueDemo", "MediatorOrDependencyInjectionIssueDemo\MediatorOrDependencyInjectionIssueDemo.csproj", "{3199D988-1CFD-42EB-860B-09FA2694C724}"
EndProject
Project("{FAE04EC0-301F-11D3-BF4B-00C04F79EFBC}") = "Domain", "Domain\Domain.csproj", "{75B96884-C1EC-4F5F-9864-A2B4D98FE2D7}"
EndProject
Global
	GlobalSection(SolutionConfigurationPlatforms) = preSolution
		Debug|Any CPU = Debug|Any CPU
		Release|Any CPU = Release|Any CPU
	EndGlobalSection
	GlobalSection(ProjectConfigurationPlatforms) = postSolution
		{3199D988-1CFD-42EB-860B-09FA2694C724}.Debug|Any CPU.ActiveCfg = Debug|Any CPU
		{3199D988-1CFD-42EB-860B-09FA2694C724}.Debug|Any CPU.Build.0 = Debug|Any CPU
		{3199D988-1CFD-42EB-860B-09FA2694C724}.Release|Any CPU.ActiveCfg = Release|Any CPU
		{3199D988-1CFD-42EB-860B-09FA2694C724}.Release|Any CPU.Build.0 = Release|Any CPU
		{75B96884-C1EC-4F5F-9864-A2B4D98FE2D7}.Debug|Any CPU.ActiveCfg = Debug|Any CPU
		{75B96884-C1EC-4F5F-9864-A2B4D98FE2D7}.Debug|Any CPU.Build.0 = Debug|Any CPU
		{75B96884-C1EC-4F5F-9864-A2B4D98FE2D7}.Release|Any CPU.ActiveCfg = Release|Any CPU
		{75B96884-C1EC-4F5F-9864-A2B4D98FE2D7}.Release|Any CPU.Build.0 = Release|Any CPU
	EndGlobalSection
	GlobalSection(SolutionProperties) = preSolution
		HideSolutionNode = FALSE
	EndGlobalSection
	GlobalSection(ExtensibilityGlobals) = postSolution
		SolutionGuid = {BF3F7D16-5048-4A0A-A372-3313BBB436B2}
	EndGlobalSection
EndGlobal
